
Microsoft Visual Studio Solution File, Format Version 12.00
# Visual Studio Version 16
VisualStudioVersion = 16.0.30517.126
MinimumVisualStudioVersion = 10.0.40219.1
Project("{FAE04EC0-301F-11D3-BF4B-00C04F79EFBC}") = "Calculator", "Calculator\Calculator.csproj", "{F7226C25-1621-468E-A2BA-EC356910F5BE}"
EndProject
Global
	GlobalSection(SolutionConfigurationPlatforms) = preSolution
		Debug|Any CPU = Debug|Any CPU
		Release|Any CPU = Release|Any CPU
	EndGlobalSection
	GlobalSection(ProjectConfigurationPlatforms) = postSolution
		{F7226C25-1621-468E-A2BA-EC356910F5BE}.Debug|Any CPU.ActiveCfg = Debug|Any CPU
		{F7226C25-1621-468E-A2BA-EC356910F5BE}.Debug|Any CPU.Build.0 = Debug|Any CPU
		{F7226C25-1621-468E-A2BA-EC356910F5BE}.Release|Any CPU.ActiveCfg = Release|Any CPU
		{F7226C25-1621-468E-A2BA-EC356910F5BE}.Release|Any CPU.Build.0 = Release|Any CPU
	EndGlobalSection
	GlobalSection(SolutionProperties) = preSolution
		HideSolutionNode = FALSE
	EndGlobalSection
	GlobalSection(ExtensibilityGlobals) = postSolution
		SolutionGuid = {D5E5B8DB-80DB-4CFA-A9C1-CE7279CF4F33}
	EndGlobalSection
EndGlobal
